
Microsoft Visual Studio Solution File, Format Version 12.00
# Visual Studio Version 17
VisualStudioVersion = 17.7.34018.315
MinimumVisualStudioVersion = 10.0.40219.1
Project("{FAE04EC0-301F-11D3-BF4B-00C04F79EFBC}") = "Villa_API", "Villa_API\Villa_API.csproj", "{0AF4546D-07D1-43F7-914B-84878B36B91A}"
EndProject
Global
	GlobalSection(SolutionConfigurationPlatforms) = preSolution
		Debug|Any CPU = Debug|Any CPU
		Release|Any CPU = Release|Any CPU
	EndGlobalSection
	GlobalSection(ProjectConfigurationPlatforms) = postSolution
		{0AF4546D-07D1-43F7-914B-84878B36B91A}.Debug|Any CPU.ActiveCfg = Debug|Any CPU
		{0AF4546D-07D1-43F7-914B-84878B36B91A}.Debug|Any CPU.Build.0 = Debug|Any CPU
		{0AF4546D-07D1-43F7-914B-84878B36B91A}.Release|Any CPU.ActiveCfg = Release|Any CPU
		{0AF4546D-07D1-43F7-914B-84878B36B91A}.Release|Any CPU.Build.0 = Release|Any CPU
	EndGlobalSection
	GlobalSection(SolutionProperties) = preSolution
		HideSolutionNode = FALSE
	EndGlobalSection
	GlobalSection(ExtensibilityGlobals) = postSolution
		SolutionGuid = {746ABF18-352C-4BEA-BC13-8CCF0BE4C9C0}
	EndGlobalSection
EndGlobal
